
Microsoft Visual Studio Solution File, Format Version 12.00
# Visual Studio 2013
VisualStudioVersion = 12.0.40629.0
MinimumVisualStudioVersion = 10.0.40219.1
Project("{FAE04EC0-301F-11D3-BF4B-00C04F79EFBC}") = "WebApplication", "WebApplication\WebApplication.csproj", "{52B17E58-CEBF-4EB6-95D8-9813054BADF2}"
EndProject
Project("{00D1A9C2-B5F0-4AF3-8072-F6C62B433612}") = "Database1", "Database1\Database1.sqlproj", "{9B3CEB6C-0446-4044-A7FD-034D4F95FB31}"
EndProject
Global
	GlobalSection(SolutionConfigurationPlatforms) = preSolution
		Debug|Any CPU = Debug|Any CPU
		Release|Any CPU = Release|Any CPU
	EndGlobalSection
	GlobalSection(ProjectConfigurationPlatforms) = postSolution
		{52B17E58-CEBF-4EB6-95D8-9813054BADF2}.Debug|Any CPU.ActiveCfg = Debug|Any CPU
		{52B17E58-CEBF-4EB6-95D8-9813054BADF2}.Debug|Any CPU.Build.0 = Debug|Any CPU
		{52B17E58-CEBF-4EB6-95D8-9813054BADF2}.Release|Any CPU.ActiveCfg = Release|Any CPU
		{52B17E58-CEBF-4EB6-95D8-9813054BADF2}.Release|Any CPU.Build.0 = Release|Any CPU
		{9B3CEB6C-0446-4044-A7FD-034D4F95FB31}.Debug|Any CPU.ActiveCfg = Debug|Any CPU
		{9B3CEB6C-0446-4044-A7FD-034D4F95FB31}.Debug|Any CPU.Build.0 = Debug|Any CPU
		{9B3CEB6C-0446-4044-A7FD-034D4F95FB31}.Debug|Any CPU.Deploy.0 = Debug|Any CPU
		{9B3CEB6C-0446-4044-A7FD-034D4F95FB31}.Release|Any CPU.ActiveCfg = Release|Any CPU
		{9B3CEB6C-0446-4044-A7FD-034D4F95FB31}.Release|Any CPU.Build.0 = Release|Any CPU
		{9B3CEB6C-0446-4044-A7FD-034D4F95FB31}.Release|Any CPU.Deploy.0 = Release|Any CPU
	EndGlobalSection
	GlobalSection(SolutionProperties) = preSolution
		HideSolutionNode = FALSE
	EndGlobalSection
EndGlobal
